
Microsoft Visual Studio Solution File, Format Version 12.00
# Visual Studio Version 17
VisualStudioVersion = 17.6.33829.357
MinimumVisualStudioVersion = 10.0.40219.1
Project("{FAE04EC0-301F-11D3-BF4B-00C04F79EFBC}") = "ClassAndObject", "ClassAndObject\ClassAndObject.csproj", "{4045E4F1-8AE7-4642-8CE3-44CC10C56BB7}"
EndProject
Global
	GlobalSection(SolutionConfigurationPlatforms) = preSolution
		Debug|Any CPU = Debug|Any CPU
		Release|Any CPU = Release|Any CPU
	EndGlobalSection
	GlobalSection(ProjectConfigurationPlatforms) = postSolution
		{4045E4F1-8AE7-4642-8CE3-44CC10C56BB7}.Debug|Any CPU.ActiveCfg = Debug|Any CPU
		{4045E4F1-8AE7-4642-8CE3-44CC10C56BB7}.Debug|Any CPU.Build.0 = Debug|Any CPU
		{4045E4F1-8AE7-4642-8CE3-44CC10C56BB7}.Release|Any CPU.ActiveCfg = Release|Any CPU
		{4045E4F1-8AE7-4642-8CE3-44CC10C56BB7}.Release|Any CPU.Build.0 = Release|Any CPU
	EndGlobalSection
	GlobalSection(SolutionProperties) = preSolution
		HideSolutionNode = FALSE
	EndGlobalSection
	GlobalSection(ExtensibilityGlobals) = postSolution
		SolutionGuid = {1565F545-DA0E-49C3-8A27-2300A4A88F40}
	EndGlobalSection
EndGlobal
